<?xml version="1.0" encoding="utf-8"?>
<Project ToolsVersion="4.0" xmlns="http://schemas.microsoft.com/developer/msbuild/2003">
  <ItemGroup>
    <ClInclude Include="Framework.h" />
    <ClInclude Include="D3d.h">
      <Filter>Systems</Filter>
    </ClInclude>
    <ClInclude Include="Window.h">
      <Filter>Systems</Filter>
    </ClInclude>
    <ClInclude Include="Types.h">
      <Filter>Systems</Filter>
    </ClInclude>
    <ClInclude Include="TemplateSingleton.h" />
    <ClInclude Include="GameObject.h">
      <Filter>GameObject</Filter>
    </ClInclude>
    <ClInclude Include="Mesh.h">
      <Filter>GameObject</Filter>
    </ClInclude>
    <ClInclude Include="Transform.h">
      <Filter>GameObject</Filter>
    </ClInclude>
    <ClInclude Include="Gui.h">
      <Filter>Systems</Filter>
    </ClInclude>
  </ItemGroup>
  <ItemGroup>
    <ClCompile Include="D3d.cpp">
      <Filter>Systems</Filter>
    </ClCompile>
    <ClCompile Include="Window.cpp">
      <Filter>Systems</Filter>
    </ClCompile>
    <ClCompile Include="Types.cpp">
      <Filter>Systems</Filter>
    </ClCompile>
    <ClCompile Include="GameObject.cpp">
      <Filter>GameObject</Filter>
    </ClCompile>
    <ClCompile Include="Mesh.cpp">
      <Filter>GameObject</Filter>
    </ClCompile>
    <ClCompile Include="Transform.cpp">
      <Filter>GameObject</Filter>
    </ClCompile>
    <ClCompile Include="Gui.cpp">
      <Filter>Systems</Filter>
    </ClCompile>
  </ItemGroup>
  <ItemGroup>
    <Filter Include="Systems">
      <UniqueIdentifier>{f6b79eb9-64ed-42ef-a067-a001850dfbb2}</UniqueIdentifier>
    </Filter>
    <Filter Include="GameObject">
      <UniqueIdentifier>{802adff0-16ed-4c47-b3f4-bf94af9473e4}</UniqueIdentifier>
    </Filter>
  </ItemGroup>
</Project>