<?xml version="1.0" encoding="utf-8"?>
<Project ToolsVersion="4.0" xmlns="http://schemas.microsoft.com/developer/msbuild/2003">
  <ItemGroup>
    <ClInclude Include="Framework.h" />
    <ClInclude Include="D3d.h">
      <Filter>Systems</Filter>
    </ClInclude>
    <ClInclude Include="Window.h">
      <Filter>Systems</Filter>
    </ClInclude>
    <ClInclude Include="Types.h">
      <Filter>Systems</Filter>
    </ClInclude>
    <ClInclude Include="GameObject.h">
      <Filter>GameObject</Filter>
    </ClInclude>
    <ClInclude Include="Mesh.h">
      <Filter>GameObject</Filter>
    </ClInclude>
    <ClInclude Include="Transform.h">
      <Filter>GameObject</Filter>
    </ClInclude>
    <ClInclude Include="Gui.h">
      <Filter>Systems</Filter>
    </ClInclude>
    <ClInclude Include="VertexType.h">
      <Filter>GameObject</Filter>
    </ClInclude>
    <ClInclude Include="Shader.h">
      <Filter>GameObject</Filter>
    </ClInclude>
    <ClInclude Include="Camera.h">
      <Filter>GameObject</Filter>
    </ClInclude>
    <ClInclude Include="ResourceManager.h">
      <Filter>File</Filter>
    </ClInclude>
    <ClInclude Include="String.h">
      <Filter>File</Filter>
    </ClInclude>
    <ClInclude Include="BinaryFile.h">
      <Filter>File</Filter>
    </ClInclude>
    <ClInclude Include="Keyboard.h">
      <Filter>Systems</Filter>
    </ClInclude>
    <ClInclude Include="Mouse.h">
      <Filter>Systems</Filter>
    </ClInclude>
    <ClInclude Include="Timer.h">
      <Filter>Systems</Filter>
    </ClInclude>
    <ClInclude Include="Xml.h">
      <Filter>File</Filter>
    </ClInclude>
  </ItemGroup>
  <ItemGroup>
    <ClCompile Include="D3d.cpp">
      <Filter>Systems</Filter>
    </ClCompile>
    <ClCompile Include="Window.cpp">
      <Filter>Systems</Filter>
    </ClCompile>
    <ClCompile Include="GameObject.cpp">
      <Filter>GameObject</Filter>
    </ClCompile>
    <ClCompile Include="Mesh.cpp">
      <Filter>GameObject</Filter>
    </ClCompile>
    <ClCompile Include="Transform.cpp">
      <Filter>GameObject</Filter>
    </ClCompile>
    <ClCompile Include="Gui.cpp">
      <Filter>Systems</Filter>
    </ClCompile>
    <ClCompile Include="Shader.cpp">
      <Filter>GameObject</Filter>
    </ClCompile>
    <ClCompile Include="Camera.cpp">
      <Filter>GameObject</Filter>
    </ClCompile>
    <ClCompile Include="ResourceManager.cpp">
      <Filter>File</Filter>
    </ClCompile>
    <ClCompile Include="String.cpp">
      <Filter>File</Filter>
    </ClCompile>
    <ClCompile Include="VertexType.cpp">
      <Filter>GameObject</Filter>
    </ClCompile>
    <ClCompile Include="BinaryFile.cpp">
      <Filter>File</Filter>
    </ClCompile>
    <ClCompile Include="Keyboard.cpp">
      <Filter>Systems</Filter>
    </ClCompile>
    <ClCompile Include="Mouse.cpp">
      <Filter>Systems</Filter>
    </ClCompile>
    <ClCompile Include="Timer.cpp">
      <Filter>Systems</Filter>
    </ClCompile>
    <ClCompile Include="Xml.cpp">
      <Filter>File</Filter>
    </ClCompile>
  </ItemGroup>
  <ItemGroup>
    <Filter Include="Systems">
      <UniqueIdentifier>{f6b79eb9-64ed-42ef-a067-a001850dfbb2}</UniqueIdentifier>
    </Filter>
    <Filter Include="GameObject">
      <UniqueIdentifier>{802adff0-16ed-4c47-b3f4-bf94af9473e4}</UniqueIdentifier>
    </Filter>
    <Filter Include="File">
      <UniqueIdentifier>{92b95054-fe6b-4254-a593-04d0f769aaae}</UniqueIdentifier>
    </Filter>
  </ItemGroup>
</Project>